// !$*UTF8*$!
{
	archiveVersion = 1;
	classes = {
	};
	objectVersion = 50;
	objects = {

/* Begin PBXBuildFile section */
		CB5ACA872573F396002C4C05 /* main.swift in Sources */ = {isa = PBXBuildFile; fileRef = CB5ACA862573F396002C4C05 /* main.swift */; };
		CB5ACA8F2573F3D6002C4C05 /* common.swift in Sources */ = {isa = PBXBuildFile; fileRef = CB5ACA8E2573F3D6002C4C05 /* common.swift */; };
		CB5ACA922573F3E6002C4C05 /* day.swift in Sources */ = {isa = PBXBuildFile; fileRef = CB5ACA912573F3E6002C4C05 /* day.swift */; };
		CB5ACA962573F68F002C4C05 /* day01.swift in Sources */ = {isa = PBXBuildFile; fileRef = CB5ACA952573F68F002C4C05 /* day01.swift */; };
		CB5ACA9A2577061D002C4C05 /* day02.swift in Sources */ = {isa = PBXBuildFile; fileRef = CB5ACA992577061D002C4C05 /* day02.swift */; };
		CB5ACA9E25783CA7002C4C05 /* day03.swift in Sources */ = {isa = PBXBuildFile; fileRef = CB5ACA9D25783CA7002C4C05 /* day03.swift */; };
		CB5ACAA2257A2B5F002C4C05 /* day04.swift in Sources */ = {isa = PBXBuildFile; fileRef = CB5ACAA1257A2B5F002C4C05 /* day04.swift */; };
		CB5ACAA6257AB81B002C4C05 /* day05.swift in Sources */ = {isa = PBXBuildFile; fileRef = CB5ACAA5257AB81B002C4C05 /* day05.swift */; };
		CB5ACAAA257B9967002C4C05 /* day06.swift in Sources */ = {isa = PBXBuildFile; fileRef = CB5ACAA9257B9967002C4C05 /* day06.swift */; };
		CB5ACAAE257D35B9002C4C05 /* day07.swift in Sources */ = {isa = PBXBuildFile; fileRef = CB5ACAAD257D35B9002C4C05 /* day07.swift */; };
		CB5ACAB2257ECFA5002C4C05 /* day08.swift in Sources */ = {isa = PBXBuildFile; fileRef = CB5ACAB1257ECFA5002C4C05 /* day08.swift */; };
		CB5ACAB62580C23A002C4C05 /* day09.swift in Sources */ = {isa = PBXBuildFile; fileRef = CB5ACAB52580C23A002C4C05 /* day09.swift */; };
		CB5ACABA2581865B002C4C05 /* day10.swift in Sources */ = {isa = PBXBuildFile; fileRef = CB5ACAB92581865A002C4C05 /* day10.swift */; };
		CB5ACABE2583642A002C4C05 /* day11.swift in Sources */ = {isa = PBXBuildFile; fileRef = CB5ACABD2583642A002C4C05 /* day11.swift */; };
		CB5ACAC22584B301002C4C05 /* day12.swift in Sources */ = {isa = PBXBuildFile; fileRef = CB5ACAC12584B301002C4C05 /* day12.swift */; };
		CB5ACAC62586063C002C4C05 /* day13.swift in Sources */ = {isa = PBXBuildFile; fileRef = CB5ACAC52586063B002C4C05 /* day13.swift */; };
		CB5ACACA25875948002C4C05 /* day14.swift in Sources */ = {isa = PBXBuildFile; fileRef = CB5ACAC925875948002C4C05 /* day14.swift */; };
		CB5ACACE25881FFB002C4C05 /* day15.swift in Sources */ = {isa = PBXBuildFile; fileRef = CB5ACACD25881FFB002C4C05 /* day15.swift */; };
		CB8526E025895E700016E242 /* day16.swift in Sources */ = {isa = PBXBuildFile; fileRef = CB8526DF25895E700016E242 /* day16.swift */; };
		CB8526E4258A8D150016E242 /* day17.swift in Sources */ = {isa = PBXBuildFile; fileRef = CB8526E3258A8D150016E242 /* day17.swift */; };
		CB8526E8258C9B3C0016E242 /* day18.swift in Sources */ = {isa = PBXBuildFile; fileRef = CB8526E7258C9B3C0016E242 /* day18.swift */; };
		CB8526EC258D27820016E242 /* day19.swift in Sources */ = {isa = PBXBuildFile; fileRef = CB8526EB258D27820016E242 /* day19.swift */; };
		CB8526F0258F45340016E242 /* day20.swift in Sources */ = {isa = PBXBuildFile; fileRef = CB8526EF258F45340016E242 /* day20.swift */; };
		CB8526F4258FCC560016E242 /* BitSet.swift in Sources */ = {isa = PBXBuildFile; fileRef = CB8526F3258FCC560016E242 /* BitSet.swift */; };
		CB8526F825908F1A0016E242 /* day21.swift in Sources */ = {isa = PBXBuildFile; fileRef = CB8526F725908F1A0016E242 /* day21.swift */; };
		CB8526FD2591E2650016E242 /* day22.swift in Sources */ = {isa = PBXBuildFile; fileRef = CB8526FC2591E2650016E242 /* day22.swift */; };
		CB8527012591EDA20016E242 /* day23.swift in Sources */ = {isa = PBXBuildFile; fileRef = CB8527002591EDA20016E242 /* day23.swift */; };
/* End PBXBuildFile section */

/* Begin PBXCopyFilesBuildPhase section */
		CB5ACA812573F396002C4C05 /* CopyFiles */ = {
			isa = PBXCopyFilesBuildPhase;
			buildActionMask = 2147483647;
			dstPath = /usr/share/man/man1/;
			dstSubfolderSpec = 0;
			files = (
			);
			runOnlyForDeploymentPostprocessing = 1;
		};
/* End PBXCopyFilesBuildPhase section */

/* Begin PBXFileReference section */
		CB5ACA832573F396002C4C05 /* AdventOfCode2020 */ = {isa = PBXFileReference; explicitFileType = "compiled.mach-o.executable"; includeInIndex = 0; path = AdventOfCode2020; sourceTree = BUILT_PRODUCTS_DIR; };
		CB5ACA862573F396002C4C05 /* main.swift */ = {isa = PBXFileReference; lastKnownFileType = sourcecode.swift; path = main.swift; sourceTree = "<group>"; };
		CB5ACA8E2573F3D6002C4C05 /* common.swift */ = {isa = PBXFileReference; lastKnownFileType = sourcecode.swift; path = common.swift; sourceTree = "<group>"; };
		CB5ACA912573F3E6002C4C05 /* day.swift */ = {isa = PBXFileReference; lastKnownFileType = sourcecode.swift; path = day.swift; sourceTree = "<group>"; };
		CB5ACA952573F68F002C4C05 /* day01.swift */ = {isa = PBXFileReference; lastKnownFileType = sourcecode.swift; path = day01.swift; sourceTree = "<group>"; };
		CB5ACA992577061D002C4C05 /* day02.swift */ = {isa = PBXFileReference; lastKnownFileType = sourcecode.swift; path = day02.swift; sourceTree = "<group>"; };
		CB5ACA9D25783CA7002C4C05 /* day03.swift */ = {isa = PBXFileReference; lastKnownFileType = sourcecode.swift; path = day03.swift; sourceTree = "<group>"; };
		CB5ACAA1257A2B5F002C4C05 /* day04.swift */ = {isa = PBXFileReference; lastKnownFileType = sourcecode.swift; path = day04.swift; sourceTree = "<group>"; };
		CB5ACAA5257AB81B002C4C05 /* day05.swift */ = {isa = PBXFileReference; lastKnownFileType = sourcecode.swift; path = day05.swift; sourceTree = "<group>"; };
		CB5ACAA9257B9967002C4C05 /* day06.swift */ = {isa = PBXFileReference; lastKnownFileType = sourcecode.swift; path = day06.swift; sourceTree = "<group>"; };
		CB5ACAAD257D35B9002C4C05 /* day07.swift */ = {isa = PBXFileReference; lastKnownFileType = sourcecode.swift; path = day07.swift; sourceTree = "<group>"; };
		CB5ACAB1257ECFA5002C4C05 /* day08.swift */ = {isa = PBXFileReference; lastKnownFileType = sourcecode.swift; path = day08.swift; sourceTree = "<group>"; };
		CB5ACAB52580C23A002C4C05 /* day09.swift */ = {isa = PBXFileReference; lastKnownFileType = sourcecode.swift; path = day09.swift; sourceTree = "<group>"; };
		CB5ACAB92581865A002C4C05 /* day10.swift */ = {isa = PBXFileReference; lastKnownFileType = sourcecode.swift; path = day10.swift; sourceTree = "<group>"; };
		CB5ACABD2583642A002C4C05 /* day11.swift */ = {isa = PBXFileReference; lastKnownFileType = sourcecode.swift; path = day11.swift; sourceTree = "<group>"; };
		CB5ACAC12584B301002C4C05 /* day12.swift */ = {isa = PBXFileReference; lastKnownFileType = sourcecode.swift; path = day12.swift; sourceTree = "<group>"; };
		CB5ACAC52586063B002C4C05 /* day13.swift */ = {isa = PBXFileReference; lastKnownFileType = sourcecode.swift; path = day13.swift; sourceTree = "<group>"; };
		CB5ACAC925875948002C4C05 /* day14.swift */ = {isa = PBXFileReference; lastKnownFileType = sourcecode.swift; path = day14.swift; sourceTree = "<group>"; };
		CB5ACACD25881FFB002C4C05 /* day15.swift */ = {isa = PBXFileReference; lastKnownFileType = sourcecode.swift; path = day15.swift; sourceTree = "<group>"; };
		CB8526DF25895E700016E242 /* day16.swift */ = {isa = PBXFileReference; lastKnownFileType = sourcecode.swift; path = day16.swift; sourceTree = "<group>"; };
		CB8526E3258A8D150016E242 /* day17.swift */ = {isa = PBXFileReference; lastKnownFileType = sourcecode.swift; path = day17.swift; sourceTree = "<group>"; };
		CB8526E7258C9B3C0016E242 /* day18.swift */ = {isa = PBXFileReference; lastKnownFileType = sourcecode.swift; path = day18.swift; sourceTree = "<group>"; };
		CB8526EB258D27820016E242 /* day19.swift */ = {isa = PBXFileReference; lastKnownFileType = sourcecode.swift; path = day19.swift; sourceTree = "<group>"; };
		CB8526EF258F45340016E242 /* day20.swift */ = {isa = PBXFileReference; lastKnownFileType = sourcecode.swift; path = day20.swift; sourceTree = "<group>"; };
		CB8526F3258FCC560016E242 /* BitSet.swift */ = {isa = PBXFileReference; lastKnownFileType = sourcecode.swift; path = BitSet.swift; sourceTree = "<group>"; };
		CB8526F725908F1A0016E242 /* day21.swift */ = {isa = PBXFileReference; lastKnownFileType = sourcecode.swift; path = day21.swift; sourceTree = "<group>"; };
		CB8526FC2591E2650016E242 /* day22.swift */ = {isa = PBXFileReference; lastKnownFileType = sourcecode.swift; path = day22.swift; sourceTree = "<group>"; };
		CB8527002591EDA20016E242 /* day23.swift */ = {isa = PBXFileReference; lastKnownFileType = sourcecode.swift; path = day23.swift; sourceTree = "<group>"; };
/* End PBXFileReference section */

/* Begin PBXFrameworksBuildPhase section */
		CB5ACA802573F396002C4C05 /* Frameworks */ = {
			isa = PBXFrameworksBuildPhase;
			buildActionMask = 2147483647;
			files = (
			);
			runOnlyForDeploymentPostprocessing = 0;
		};
/* End PBXFrameworksBuildPhase section */

/* Begin PBXGroup section */
		CB5ACA7A2573F395002C4C05 = {
			isa = PBXGroup;
			children = (
				CB5ACA852573F396002C4C05 /* AdventOfCode2020 */,
				CB5ACA942573F46A002C4C05 /* Resources */,
				CB5ACA842573F396002C4C05 /* Products */,
			);
			sourceTree = "<group>";
		};
		CB5ACA842573F396002C4C05 /* Products */ = {
			isa = PBXGroup;
			children = (
				CB5ACA832573F396002C4C05 /* AdventOfCode2020 */,
			);
			name = Products;
			sourceTree = "<group>";
		};
		CB5ACA852573F396002C4C05 /* AdventOfCode2020 */ = {
			isa = PBXGroup;
			children = (
				CB5ACA862573F396002C4C05 /* main.swift */,
				CB5ACA8E2573F3D6002C4C05 /* common.swift */,
				CB5ACA952573F68F002C4C05 /* day01.swift */,
				CB5ACA992577061D002C4C05 /* day02.swift */,
				CB5ACA9D25783CA7002C4C05 /* day03.swift */,
				CB5ACAA1257A2B5F002C4C05 /* day04.swift */,
				CB5ACAA5257AB81B002C4C05 /* day05.swift */,
				CB5ACAA9257B9967002C4C05 /* day06.swift */,
				CB5ACAAD257D35B9002C4C05 /* day07.swift */,
				CB5ACAB1257ECFA5002C4C05 /* day08.swift */,
				CB5ACAB52580C23A002C4C05 /* day09.swift */,
				CB5ACAB92581865A002C4C05 /* day10.swift */,
				CB5ACABD2583642A002C4C05 /* day11.swift */,
				CB5ACAC12584B301002C4C05 /* day12.swift */,
				CB5ACAC52586063B002C4C05 /* day13.swift */,
				CB5ACAC925875948002C4C05 /* day14.swift */,
				CB5ACACD25881FFB002C4C05 /* day15.swift */,
				CB8526DF25895E700016E242 /* day16.swift */,
				CB8526E3258A8D150016E242 /* day17.swift */,
				CB8526E7258C9B3C0016E242 /* day18.swift */,
				CB8526EB258D27820016E242 /* day19.swift */,
				CB8526EF258F45340016E242 /* day20.swift */,
				CB8526F725908F1A0016E242 /* day21.swift */,
				CB8526FC2591E2650016E242 /* day22.swift */,
				CB8527002591EDA20016E242 /* day23.swift */,
				CB5ACA912573F3E6002C4C05 /* day.swift */,
				CB8526F3258FCC560016E242 /* BitSet.swift */,
			);
			path = AdventOfCode2020;
			sourceTree = "<group>";
		};
		CB5ACA942573F46A002C4C05 /* Resources */ = {
			isa = PBXGroup;
			children = (
			);
			path = Resources;
			sourceTree = "<group>";
		};
/* End PBXGroup section */

/* Begin PBXNativeTarget section */
		CB5ACA822573F396002C4C05 /* AdventOfCode2020 */ = {
			isa = PBXNativeTarget;
			buildConfigurationList = CB5ACA8A2573F396002C4C05 /* Build configuration list for PBXNativeTarget "AdventOfCode2020" */;
			buildPhases = (
				CB5ACA7F2573F396002C4C05 /* Sources */,
				CB5ACA802573F396002C4C05 /* Frameworks */,
				CB5ACA812573F396002C4C05 /* CopyFiles */,
			);
			buildRules = (
			);
			dependencies = (
			);
			name = AdventOfCode2020;
			productName = AdventOfCode2020;
			productReference = CB5ACA832573F396002C4C05 /* AdventOfCode2020 */;
			productType = "com.apple.product-type.tool";
		};
/* End PBXNativeTarget section */

/* Begin PBXProject section */
		CB5ACA7B2573F395002C4C05 /* Project object */ = {
			isa = PBXProject;
			attributes = {
				LastSwiftUpdateCheck = 1220;
				LastUpgradeCheck = 1220;
				TargetAttributes = {
					CB5ACA822573F396002C4C05 = {
						CreatedOnToolsVersion = 12.2;
					};
				};
			};
			buildConfigurationList = CB5ACA7E2573F395002C4C05 /* Build configuration list for PBXProject "AdventOfCode2020" */;
			compatibilityVersion = "Xcode 9.3";
			developmentRegion = en;
			hasScannedForEncodings = 0;
			knownRegions = (
				en,
				Base,
			);
			mainGroup = CB5ACA7A2573F395002C4C05;
			productRefGroup = CB5ACA842573F396002C4C05 /* Products */;
			projectDirPath = "";
			projectRoot = "";
			targets = (
				CB5ACA822573F396002C4C05 /* AdventOfCode2020 */,
			);
		};
/* End PBXProject section */

/* Begin PBXSourcesBuildPhase section */
		CB5ACA7F2573F396002C4C05 /* Sources */ = {
			isa = PBXSourcesBuildPhase;
			buildActionMask = 2147483647;
			files = (
				CB8526E8258C9B3C0016E242 /* day18.swift in Sources */,
				CB5ACACE25881FFB002C4C05 /* day15.swift in Sources */,
				CB5ACAC22584B301002C4C05 /* day12.swift in Sources */,
				CB5ACABE2583642A002C4C05 /* day11.swift in Sources */,
				CB5ACAC62586063C002C4C05 /* day13.swift in Sources */,
				CB8526F825908F1A0016E242 /* day21.swift in Sources */,
				CB5ACAAE257D35B9002C4C05 /* day07.swift in Sources */,
				CB8526EC258D27820016E242 /* day19.swift in Sources */,
				CB5ACAAA257B9967002C4C05 /* day06.swift in Sources */,
				CB5ACAA2257A2B5F002C4C05 /* day04.swift in Sources */,
				CB8526FD2591E2650016E242 /* day22.swift in Sources */,
				CB5ACA9E25783CA7002C4C05 /* day03.swift in Sources */,
				CB5ACAA6257AB81B002C4C05 /* day05.swift in Sources */,
				CB5ACA9A2577061D002C4C05 /* day02.swift in Sources */,
				CB8526E4258A8D150016E242 /* day17.swift in Sources */,
				CB8526F4258FCC560016E242 /* BitSet.swift in Sources */,
				CB5ACAB62580C23A002C4C05 /* day09.swift in Sources */,
				CB8526F0258F45340016E242 /* day20.swift in Sources */,
				CB8527012591EDA20016E242 /* day23.swift in Sources */,
				CB5ACAB2257ECFA5002C4C05 /* day08.swift in Sources */,
				CB8526E025895E700016E242 /* day16.swift in Sources */,
				CB5ACA8F2573F3D6002C4C05 /* common.swift in Sources */,
				CB5ACA922573F3E6002C4C05 /* day.swift in Sources */,
				CB5ACABA2581865B002C4C05 /* day10.swift in Sources */,
				CB5ACACA25875948002C4C05 /* day14.swift in Sources */,
				CB5ACA962573F68F002C4C05 /* day01.swift in Sources */,
				CB5ACA872573F396002C4C05 /* main.swift in Sources */,
			);
			runOnlyForDeploymentPostprocessing = 0;
		};
/* End PBXSourcesBuildPhase section */

/* Begin XCBuildConfiguration section */
		CB5ACA882573F396002C4C05 /* Debug */ = {
			isa = XCBuildConfiguration;
			buildSettings = {
				ALWAYS_SEARCH_USER_PATHS = NO;
				CLANG_ANALYZER_NONNULL = YES;
				CLANG_ANALYZER_NUMBER_OBJECT_CONVERSION = YES_AGGRESSIVE;
				CLANG_CXX_LANGUAGE_STANDARD = "gnu++14";
				CLANG_CXX_LIBRARY = "libc++";
				CLANG_ENABLE_MODULES = YES;
				CLANG_ENABLE_OBJC_ARC = YES;
				CLANG_ENABLE_OBJC_WEAK = YES;
				CLANG_WARN_BLOCK_CAPTURE_AUTORELEASING = YES;
				CLANG_WARN_BOOL_CONVERSION = YES;
				CLANG_WARN_COMMA = YES;
				CLANG_WARN_CONSTANT_CONVERSION = YES;
				CLANG_WARN_DEPRECATED_OBJC_IMPLEMENTATIONS = YES;
				CLANG_WARN_DIRECT_OBJC_ISA_USAGE = YES_ERROR;
				CLANG_WARN_DOCUMENTATION_COMMENTS = YES;
				CLANG_WARN_EMPTY_BODY = YES;
				CLANG_WARN_ENUM_CONVERSION = YES;
				CLANG_WARN_INFINITE_RECURSION = YES;
				CLANG_WARN_INT_CONVERSION = YES;
				CLANG_WARN_NON_LITERAL_NULL_CONVERSION = YES;
				CLANG_WARN_OBJC_IMPLICIT_RETAIN_SELF = YES;
				CLANG_WARN_OBJC_LITERAL_CONVERSION = YES;
				CLANG_WARN_OBJC_ROOT_CLASS = YES_ERROR;
				CLANG_WARN_QUOTED_INCLUDE_IN_FRAMEWORK_HEADER = YES;
				CLANG_WARN_RANGE_LOOP_ANALYSIS = YES;
				CLANG_WARN_STRICT_PROTOTYPES = YES;
				CLANG_WARN_SUSPICIOUS_MOVE = YES;
				CLANG_WARN_UNGUARDED_AVAILABILITY = YES_AGGRESSIVE;
				CLANG_WARN_UNREACHABLE_CODE = YES;
				CLANG_WARN__DUPLICATE_METHOD_MATCH = YES;
				COPY_PHASE_STRIP = NO;
				DEBUG_INFORMATION_FORMAT = dwarf;
				ENABLE_STRICT_OBJC_MSGSEND = YES;
				ENABLE_TESTABILITY = YES;
				GCC_C_LANGUAGE_STANDARD = gnu11;
				GCC_DYNAMIC_NO_PIC = NO;
				GCC_NO_COMMON_BLOCKS = YES;
				GCC_OPTIMIZATION_LEVEL = 0;
				GCC_PREPROCESSOR_DEFINITIONS = (
					"DEBUG=1",
					"$(inherited)",
				);
				GCC_WARN_64_TO_32_BIT_CONVERSION = YES;
				GCC_WARN_ABOUT_RETURN_TYPE = YES_ERROR;
				GCC_WARN_UNDECLARED_SELECTOR = YES;
				GCC_WARN_UNINITIALIZED_AUTOS = YES_AGGRESSIVE;
				GCC_WARN_UNUSED_FUNCTION = YES;
				GCC_WARN_UNUSED_VARIABLE = YES;
				MACOSX_DEPLOYMENT_TARGET = 11.0;
				MTL_ENABLE_DEBUG_INFO = INCLUDE_SOURCE;
				MTL_FAST_MATH = YES;
				ONLY_ACTIVE_ARCH = YES;
				SDKROOT = macosx;
				SWIFT_ACTIVE_COMPILATION_CONDITIONS = DEBUG;
				SWIFT_OPTIMIZATION_LEVEL = "-Onone";
			};
			name = Debug;
		};
		CB5ACA892573F396002C4C05 /* Release */ = {
			isa = XCBuildConfiguration;
			buildSettings = {
				ALWAYS_SEARCH_USER_PATHS = NO;
				CLANG_ANALYZER_NONNULL = YES;
				CLANG_ANALYZER_NUMBER_OBJECT_CONVERSION = YES_AGGRESSIVE;
				CLANG_CXX_LANGUAGE_STANDARD = "gnu++14";
				CLANG_CXX_LIBRARY = "libc++";
				CLANG_ENABLE_MODULES = YES;
				CLANG_ENABLE_OBJC_ARC = YES;
				CLANG_ENABLE_OBJC_WEAK = YES;
				CLANG_WARN_BLOCK_CAPTURE_AUTORELEASING = YES;
				CLANG_WARN_BOOL_CONVERSION = YES;
				CLANG_WARN_COMMA = YES;
				CLANG_WARN_CONSTANT_CONVERSION = YES;
				CLANG_WARN_DEPRECATED_OBJC_IMPLEMENTATIONS = YES;
				CLANG_WARN_DIRECT_OBJC_ISA_USAGE = YES_ERROR;
				CLANG_WARN_DOCUMENTATION_COMMENTS = YES;
				CLANG_WARN_EMPTY_BODY = YES;
				CLANG_WARN_ENUM_CONVERSION = YES;
				CLANG_WARN_INFINITE_RECURSION = YES;
				CLANG_WARN_INT_CONVERSION = YES;
				CLANG_WARN_NON_LITERAL_NULL_CONVERSION = YES;
				CLANG_WARN_OBJC_IMPLICIT_RETAIN_SELF = YES;
				CLANG_WARN_OBJC_LITERAL_CONVERSION = YES;
				CLANG_WARN_OBJC_ROOT_CLASS = YES_ERROR;
				CLANG_WARN_QUOTED_INCLUDE_IN_FRAMEWORK_HEADER = YES;
				CLANG_WARN_RANGE_LOOP_ANALYSIS = YES;
				CLANG_WARN_STRICT_PROTOTYPES = YES;
				CLANG_WARN_SUSPICIOUS_MOVE = YES;
				CLANG_WARN_UNGUARDED_AVAILABILITY = YES_AGGRESSIVE;
				CLANG_WARN_UNREACHABLE_CODE = YES;
				CLANG_WARN__DUPLICATE_METHOD_MATCH = YES;
				COPY_PHASE_STRIP = NO;
				DEBUG_INFORMATION_FORMAT = "dwarf-with-dsym";
				ENABLE_NS_ASSERTIONS = NO;
				ENABLE_STRICT_OBJC_MSGSEND = YES;
				GCC_C_LANGUAGE_STANDARD = gnu11;
				GCC_NO_COMMON_BLOCKS = YES;
				GCC_WARN_64_TO_32_BIT_CONVERSION = YES;
				GCC_WARN_ABOUT_RETURN_TYPE = YES_ERROR;
				GCC_WARN_UNDECLARED_SELECTOR = YES;
				GCC_WARN_UNINITIALIZED_AUTOS = YES_AGGRESSIVE;
				GCC_WARN_UNUSED_FUNCTION = YES;
				GCC_WARN_UNUSED_VARIABLE = YES;
				MACOSX_DEPLOYMENT_TARGET = 11.0;
				MTL_ENABLE_DEBUG_INFO = NO;
				MTL_FAST_MATH = YES;
				SDKROOT = macosx;
				SWIFT_COMPILATION_MODE = wholemodule;
				SWIFT_OPTIMIZATION_LEVEL = "-O";
			};
			name = Release;
		};
		CB5ACA8B2573F396002C4C05 /* Debug */ = {
			isa = XCBuildConfiguration;
			buildSettings = {
				CODE_SIGN_STYLE = Automatic;
				DEVELOPMENT_TEAM = RX6H373SZ5;
				ENABLE_HARDENED_RUNTIME = YES;
				PRODUCT_NAME = "$(TARGET_NAME)";
				SWIFT_VERSION = 5.0;
			};
			name = Debug;
		};
		CB5ACA8C2573F396002C4C05 /* Release */ = {
			isa = XCBuildConfiguration;
			buildSettings = {
				CODE_SIGN_STYLE = Automatic;
				DEVELOPMENT_TEAM = RX6H373SZ5;
				ENABLE_HARDENED_RUNTIME = YES;
				PRODUCT_NAME = "$(TARGET_NAME)";
				SWIFT_VERSION = 5.0;
			};
			name = Release;
		};
/* End XCBuildConfiguration section */

/* Begin XCConfigurationList section */
		CB5ACA7E2573F395002C4C05 /* Build configuration list for PBXProject "AdventOfCode2020" */ = {
			isa = XCConfigurationList;
			buildConfigurations = (
				CB5ACA882573F396002C4C05 /* Debug */,
				CB5ACA892573F396002C4C05 /* Release */,
			);
			defaultConfigurationIsVisible = 0;
			defaultConfigurationName = Release;
		};
		CB5ACA8A2573F396002C4C05 /* Build configuration list for PBXNativeTarget "AdventOfCode2020" */ = {
			isa = XCConfigurationList;
			buildConfigurations = (
				CB5ACA8B2573F396002C4C05 /* Debug */,
				CB5ACA8C2573F396002C4C05 /* Release */,
			);
			defaultConfigurationIsVisible = 0;
			defaultConfigurationName = Release;
		};
/* End XCConfigurationList section */
	};
	rootObject = CB5ACA7B2573F395002C4C05 /* Project object */;
}
